<?xml version="1.0" encoding="utf-8"?>
<Project ToolsVersion="4.0" xmlns="http://schemas.microsoft.com/developer/msbuild/2003">
  <ItemGroup>
    <ClInclude Include="src\interface\interface.h" />
    <ClInclude Include="src\DB_manager\DataBase.h" />
  </ItemGroup>
  <ItemGroup>
    <ClCompile Include="src\interface\interface.cpp" />
    <ClCompile Include="src\DB_manager\DataBase.cpp" />
  </ItemGroup>
</Project>